
Microsoft Visual Studio Solution File, Format Version 12.00
# Visual Studio 15
VisualStudioVersion = 15.0.27428.2002
MinimumVisualStudioVersion = 10.0.40219.1
Project("{FAE04EC0-301F-11D3-BF4B-00C04F79EFBC}") = "Minesweeper", "Minesweeper\Minesweeper.csproj", "{369C7406-E6BF-476D-91FA-399F4FAEB0E4}"
EndProject
Global
	GlobalSection(SolutionConfigurationPlatforms) = preSolution
		Debug|Any CPU = Debug|Any CPU
		Release|Any CPU = Release|Any CPU
	EndGlobalSection
	GlobalSection(ProjectConfigurationPlatforms) = postSolution
		{369C7406-E6BF-476D-91FA-399F4FAEB0E4}.Debug|Any CPU.ActiveCfg = Debug|Any CPU
		{369C7406-E6BF-476D-91FA-399F4FAEB0E4}.Debug|Any CPU.Build.0 = Debug|Any CPU
		{369C7406-E6BF-476D-91FA-399F4FAEB0E4}.Release|Any CPU.ActiveCfg = Release|Any CPU
		{369C7406-E6BF-476D-91FA-399F4FAEB0E4}.Release|Any CPU.Build.0 = Release|Any CPU
	EndGlobalSection
	GlobalSection(SolutionProperties) = preSolution
		HideSolutionNode = FALSE
	EndGlobalSection
	GlobalSection(ExtensibilityGlobals) = postSolution
		SolutionGuid = {8DC0D968-7C8D-4C46-A480-98CE4C3D0995}
	EndGlobalSection
EndGlobal
